
Microsoft Visual Studio Solution File, Format Version 12.00
# Visual Studio Version 17
VisualStudioVersion = 17.12.35527.113 d17.12
MinimumVisualStudioVersion = 10.0.40219.1
Project("{FAE04EC0-301F-11D3-BF4B-00C04F79EFBC}") = "BlogStore.EntityLayer", "BlogStore.EntityLayer\BlogStore.EntityLayer.csproj", "{67FF8734-9447-4F52-839F-7787560DE4F1}"
EndProject
Project("{FAE04EC0-301F-11D3-BF4B-00C04F79EFBC}") = "BlogStore.DataAccessLayer", "BlogStore.DataAccessLayer\BlogStore.DataAccessLayer.csproj", "{A79129B9-7CA2-48AC-AC86-DC044EFABA52}"
EndProject
Project("{FAE04EC0-301F-11D3-BF4B-00C04F79EFBC}") = "BlogStore.BusinessLayer", "BlogStore.BusinessLayer\BlogStore.BusinessLayer.csproj", "{1A624D16-FFD7-40D2-BFF7-8043592C8623}"
EndProject
Project("{FAE04EC0-301F-11D3-BF4B-00C04F79EFBC}") = "BlogStore.PresentationLayer", "BlogStore.PresentationLayer\BlogStore.PresentationLayer.csproj", "{67A54C47-F8F6-4B40-956E-6AB2F3D3192A}"
EndProject
Global
	GlobalSection(SolutionConfigurationPlatforms) = preSolution
		Debug|Any CPU = Debug|Any CPU
		Release|Any CPU = Release|Any CPU
	EndGlobalSection
	GlobalSection(ProjectConfigurationPlatforms) = postSolution
		{67FF8734-9447-4F52-839F-7787560DE4F1}.Debug|Any CPU.ActiveCfg = Debug|Any CPU
		{67FF8734-9447-4F52-839F-7787560DE4F1}.Debug|Any CPU.Build.0 = Debug|Any CPU
		{67FF8734-9447-4F52-839F-7787560DE4F1}.Release|Any CPU.ActiveCfg = Release|Any CPU
		{67FF8734-9447-4F52-839F-7787560DE4F1}.Release|Any CPU.Build.0 = Release|Any CPU
		{A79129B9-7CA2-48AC-AC86-DC044EFABA52}.Debug|Any CPU.ActiveCfg = Debug|Any CPU
		{A79129B9-7CA2-48AC-AC86-DC044EFABA52}.Debug|Any CPU.Build.0 = Debug|Any CPU
		{A79129B9-7CA2-48AC-AC86-DC044EFABA52}.Release|Any CPU.ActiveCfg = Release|Any CPU
		{A79129B9-7CA2-48AC-AC86-DC044EFABA52}.Release|Any CPU.Build.0 = Release|Any CPU
		{1A624D16-FFD7-40D2-BFF7-8043592C8623}.Debug|Any CPU.ActiveCfg = Debug|Any CPU
		{1A624D16-FFD7-40D2-BFF7-8043592C8623}.Debug|Any CPU.Build.0 = Debug|Any CPU
		{1A624D16-FFD7-40D2-BFF7-8043592C8623}.Release|Any CPU.ActiveCfg = Release|Any CPU
		{1A624D16-FFD7-40D2-BFF7-8043592C8623}.Release|Any CPU.Build.0 = Release|Any CPU
		{67A54C47-F8F6-4B40-956E-6AB2F3D3192A}.Debug|Any CPU.ActiveCfg = Debug|Any CPU
		{67A54C47-F8F6-4B40-956E-6AB2F3D3192A}.Debug|Any CPU.Build.0 = Debug|Any CPU
		{67A54C47-F8F6-4B40-956E-6AB2F3D3192A}.Release|Any CPU.ActiveCfg = Release|Any CPU
		{67A54C47-F8F6-4B40-956E-6AB2F3D3192A}.Release|Any CPU.Build.0 = Release|Any CPU
	EndGlobalSection
	GlobalSection(SolutionProperties) = preSolution
		HideSolutionNode = FALSE
	EndGlobalSection
EndGlobal
